
Microsoft Visual Studio Solution File, Format Version 12.00
# Visual Studio Version 17
VisualStudioVersion = 17.14.37012.4
MinimumVisualStudioVersion = 10.0.40219.1
Project("{FAE04EC0-301F-11D3-BF4B-00C04F79EFBC}") = "SampleTaskWpf", "SampleTaskWpf\SampleTaskWpf.csproj", "{2E126C95-52FD-4F4E-9AC0-4BB5CFF3172C}"
EndProject
Project("{2150E333-8FDC-42A3-9474-1A3956D46DE8}") = "Solution Items", "Solution Items", "{8EC462FD-D22E-90A8-E5CE-7E832BA40C5D}"
	ProjectSection(SolutionItems) = preProject
		Class3.cs = Class3.cs
	EndProjectSection
EndProject
Global
	GlobalSection(SolutionConfigurationPlatforms) = preSolution
		Debug|Any CPU = Debug|Any CPU
		Release|Any CPU = Release|Any CPU
	EndGlobalSection
	GlobalSection(ProjectConfigurationPlatforms) = postSolution
		{2E126C95-52FD-4F4E-9AC0-4BB5CFF3172C}.Debug|Any CPU.ActiveCfg = Debug|Any CPU
		{2E126C95-52FD-4F4E-9AC0-4BB5CFF3172C}.Debug|Any CPU.Build.0 = Debug|Any CPU
		{2E126C95-52FD-4F4E-9AC0-4BB5CFF3172C}.Release|Any CPU.ActiveCfg = Release|Any CPU
		{2E126C95-52FD-4F4E-9AC0-4BB5CFF3172C}.Release|Any CPU.Build.0 = Release|Any CPU
	EndGlobalSection
	GlobalSection(SolutionProperties) = preSolution
		HideSolutionNode = FALSE
	EndGlobalSection
	GlobalSection(ExtensibilityGlobals) = postSolution
		SolutionGuid = {F5685814-A7C5-4B7C-ACFF-9D0D501CEE9A}
	EndGlobalSection
EndGlobal
